// !$*UTF8*$!
{
	archiveVersion = 1;
	classes = {
	};
	objectVersion = 50;
	objects = {

/* Begin PBXBuildFile section */
		042EA05127E4C03E002D4E08 /* AppDelegate.swift in Sources */ = {isa = PBXBuildFile; fileRef = 042EA05027E4C03E002D4E08 /* AppDelegate.swift */; };
		042EA05327E4C03E002D4E08 /* SceneDelegate.swift in Sources */ = {isa = PBXBuildFile; fileRef = 042EA05227E4C03E002D4E08 /* SceneDelegate.swift */; };
		042EA05527E4C03E002D4E08 /* ContentView.swift in Sources */ = {isa = PBXBuildFile; fileRef = 042EA05427E4C03E002D4E08 /* ContentView.swift */; };
		042EA05727E4C03E002D4E08 /* Assets.xcassets in Resources */ = {isa = PBXBuildFile; fileRef = 042EA05627E4C03E002D4E08 /* Assets.xcassets */; };
		042EA05A27E4C03E002D4E08 /* Preview Assets.xcassets in Resources */ = {isa = PBXBuildFile; fileRef = 042EA05927E4C03E002D4E08 /* Preview Assets.xcassets */; };
		042EA05D27E4C03E002D4E08 /* LaunchScreen.storyboard in Resources */ = {isa = PBXBuildFile; fileRef = 042EA05B27E4C03E002D4E08 /* LaunchScreen.storyboard */; };
		042EA06827E4C03F002D4E08 /* ZemogaMobileTestTests.swift in Sources */ = {isa = PBXBuildFile; fileRef = 042EA06727E4C03F002D4E08 /* ZemogaMobileTestTests.swift */; };
		042EA07327E4C03F002D4E08 /* ZemogaMobileTestUITests.swift in Sources */ = {isa = PBXBuildFile; fileRef = 042EA07227E4C03F002D4E08 /* ZemogaMobileTestUITests.swift */; };
		042EA08B27E4C154002D4E08 /* MainView.swift in Sources */ = {isa = PBXBuildFile; fileRef = 042EA08A27E4C154002D4E08 /* MainView.swift */; };
		042EA09527E4C1F8002D4E08 /* NavigationBarView.swift in Sources */ = {isa = PBXBuildFile; fileRef = 042EA09427E4C1F8002D4E08 /* NavigationBarView.swift */; };
		042EA09E27E4C275002D4E08 /* IconConstants.swift in Sources */ = {isa = PBXBuildFile; fileRef = 042EA09D27E4C275002D4E08 /* IconConstants.swift */; };
		042EA0A627E4C450002D4E08 /* TextConstants.swift in Sources */ = {isa = PBXBuildFile; fileRef = 042EA0A527E4C450002D4E08 /* TextConstants.swift */; };
		042EA0AB27E4D046002D4E08 /* NavigationBarButtonView.swift in Sources */ = {isa = PBXBuildFile; fileRef = 042EA0AA27E4D046002D4E08 /* NavigationBarButtonView.swift */; };
		042EA0B027E4D71F002D4E08 /* DeletePostsButtonView.swift in Sources */ = {isa = PBXBuildFile; fileRef = 042EA0AF27E4D71F002D4E08 /* DeletePostsButtonView.swift */; };
		042EA0B827E4DAE3002D4E08 /* PostDetailView.swift in Sources */ = {isa = PBXBuildFile; fileRef = 042EA0B727E4DAE3002D4E08 /* PostDetailView.swift */; };
		042EA0BE27E4E2B2002D4E08 /* PostDescriptionView.swift in Sources */ = {isa = PBXBuildFile; fileRef = 042EA0BD27E4E2B2002D4E08 /* PostDescriptionView.swift */; };
		042EA0C627E4E7E0002D4E08 /* UserInformationView.swift in Sources */ = {isa = PBXBuildFile; fileRef = 042EA0C527E4E7E0002D4E08 /* UserInformationView.swift */; };
		042EA0CC27E50849002D4E08 /* CommentsSectionView.swift in Sources */ = {isa = PBXBuildFile; fileRef = 042EA0CB27E50849002D4E08 /* CommentsSectionView.swift */; };
		042EA0D127E508BF002D4E08 /* CommentsHeaderView.swift in Sources */ = {isa = PBXBuildFile; fileRef = 042EA0D027E508BF002D4E08 /* CommentsHeaderView.swift */; };
		042EA0D627E50931002D4E08 /* CommentCellView.swift in Sources */ = {isa = PBXBuildFile; fileRef = 042EA0D527E50931002D4E08 /* CommentCellView.swift */; };
		042EA0DC27E50E2F002D4E08 /* PostsList.swift in Sources */ = {isa = PBXBuildFile; fileRef = 042EA0DB27E50E2F002D4E08 /* PostsList.swift */; };
		042EA0E427E50E3C002D4E08 /* PostCell.swift in Sources */ = {isa = PBXBuildFile; fileRef = 042EA0E327E50E3C002D4E08 /* PostCell.swift */; };
		042EA0EE27E5136B002D4E08 /* LoaderView.swift in Sources */ = {isa = PBXBuildFile; fileRef = 042EA0ED27E5136B002D4E08 /* LoaderView.swift */; };
		042EA0F627E51398002D4E08 /* LoaderDot.swift in Sources */ = {isa = PBXBuildFile; fileRef = 042EA0F527E51398002D4E08 /* LoaderDot.swift */; };
		042EA0FB27E514F0002D4E08 /* NetworkErrorView.swift in Sources */ = {isa = PBXBuildFile; fileRef = 042EA0FA27E514F0002D4E08 /* NetworkErrorView.swift */; };
		042EA10027E51A54002D4E08 /* PostsSegmentedControl.swift in Sources */ = {isa = PBXBuildFile; fileRef = 042EA0FF27E51A54002D4E08 /* PostsSegmentedControl.swift */; };
		042EA11227E53315002D4E08 /* MainViewModel.swift in Sources */ = {isa = PBXBuildFile; fileRef = 042EA11127E53315002D4E08 /* MainViewModel.swift */; };
		042EA11727E53343002D4E08 /* PostViewModel.swift in Sources */ = {isa = PBXBuildFile; fileRef = 042EA11627E53343002D4E08 /* PostViewModel.swift */; };
/* End PBXBuildFile section */

/* Begin PBXContainerItemProxy section */
		042EA06427E4C03F002D4E08 /* PBXContainerItemProxy */ = {
			isa = PBXContainerItemProxy;
			containerPortal = 042EA04527E4C03D002D4E08 /* Project object */;
			proxyType = 1;
			remoteGlobalIDString = 042EA04C27E4C03D002D4E08;
			remoteInfo = ZemogaMobileTest;
		};
		042EA06F27E4C03F002D4E08 /* PBXContainerItemProxy */ = {
			isa = PBXContainerItemProxy;
			containerPortal = 042EA04527E4C03D002D4E08 /* Project object */;
			proxyType = 1;
			remoteGlobalIDString = 042EA04C27E4C03D002D4E08;
			remoteInfo = ZemogaMobileTest;
		};
/* End PBXContainerItemProxy section */

/* Begin PBXFileReference section */
		042EA04D27E4C03E002D4E08 /* ZemogaMobileTest.app */ = {isa = PBXFileReference; explicitFileType = wrapper.application; includeInIndex = 0; path = ZemogaMobileTest.app; sourceTree = BUILT_PRODUCTS_DIR; };
		042EA05027E4C03E002D4E08 /* AppDelegate.swift */ = {isa = PBXFileReference; lastKnownFileType = sourcecode.swift; path = AppDelegate.swift; sourceTree = "<group>"; };
		042EA05227E4C03E002D4E08 /* SceneDelegate.swift */ = {isa = PBXFileReference; lastKnownFileType = sourcecode.swift; path = SceneDelegate.swift; sourceTree = "<group>"; };
		042EA05427E4C03E002D4E08 /* ContentView.swift */ = {isa = PBXFileReference; lastKnownFileType = sourcecode.swift; path = ContentView.swift; sourceTree = "<group>"; };
		042EA05627E4C03E002D4E08 /* Assets.xcassets */ = {isa = PBXFileReference; lastKnownFileType = folder.assetcatalog; path = Assets.xcassets; sourceTree = "<group>"; };
		042EA05927E4C03E002D4E08 /* Preview Assets.xcassets */ = {isa = PBXFileReference; lastKnownFileType = folder.assetcatalog; path = "Preview Assets.xcassets"; sourceTree = "<group>"; };
		042EA05C27E4C03E002D4E08 /* Base */ = {isa = PBXFileReference; lastKnownFileType = file.storyboard; name = Base; path = Base.lproj/LaunchScreen.storyboard; sourceTree = "<group>"; };
		042EA05E27E4C03F002D4E08 /* Info.plist */ = {isa = PBXFileReference; lastKnownFileType = text.plist.xml; path = Info.plist; sourceTree = "<group>"; };
		042EA06327E4C03F002D4E08 /* ZemogaMobileTestTests.xctest */ = {isa = PBXFileReference; explicitFileType = wrapper.cfbundle; includeInIndex = 0; path = ZemogaMobileTestTests.xctest; sourceTree = BUILT_PRODUCTS_DIR; };
		042EA06727E4C03F002D4E08 /* ZemogaMobileTestTests.swift */ = {isa = PBXFileReference; lastKnownFileType = sourcecode.swift; path = ZemogaMobileTestTests.swift; sourceTree = "<group>"; };
		042EA06927E4C03F002D4E08 /* Info.plist */ = {isa = PBXFileReference; lastKnownFileType = text.plist.xml; path = Info.plist; sourceTree = "<group>"; };
		042EA06E27E4C03F002D4E08 /* ZemogaMobileTestUITests.xctest */ = {isa = PBXFileReference; explicitFileType = wrapper.cfbundle; includeInIndex = 0; path = ZemogaMobileTestUITests.xctest; sourceTree = BUILT_PRODUCTS_DIR; };
		042EA07227E4C03F002D4E08 /* ZemogaMobileTestUITests.swift */ = {isa = PBXFileReference; lastKnownFileType = sourcecode.swift; path = ZemogaMobileTestUITests.swift; sourceTree = "<group>"; };
		042EA07427E4C03F002D4E08 /* Info.plist */ = {isa = PBXFileReference; lastKnownFileType = text.plist.xml; path = Info.plist; sourceTree = "<group>"; };
		042EA08A27E4C154002D4E08 /* MainView.swift */ = {isa = PBXFileReference; lastKnownFileType = sourcecode.swift; path = MainView.swift; sourceTree = "<group>"; };
		042EA09427E4C1F8002D4E08 /* NavigationBarView.swift */ = {isa = PBXFileReference; lastKnownFileType = sourcecode.swift; path = NavigationBarView.swift; sourceTree = "<group>"; };
		042EA09D27E4C275002D4E08 /* IconConstants.swift */ = {isa = PBXFileReference; lastKnownFileType = sourcecode.swift; path = IconConstants.swift; sourceTree = "<group>"; };
		042EA0A527E4C450002D4E08 /* TextConstants.swift */ = {isa = PBXFileReference; lastKnownFileType = sourcecode.swift; path = TextConstants.swift; sourceTree = "<group>"; };
		042EA0AA27E4D046002D4E08 /* NavigationBarButtonView.swift */ = {isa = PBXFileReference; lastKnownFileType = sourcecode.swift; path = NavigationBarButtonView.swift; sourceTree = "<group>"; };
		042EA0AF27E4D71F002D4E08 /* DeletePostsButtonView.swift */ = {isa = PBXFileReference; lastKnownFileType = sourcecode.swift; path = DeletePostsButtonView.swift; sourceTree = "<group>"; };
		042EA0B727E4DAE3002D4E08 /* PostDetailView.swift */ = {isa = PBXFileReference; lastKnownFileType = sourcecode.swift; path = PostDetailView.swift; sourceTree = "<group>"; };
		042EA0BD27E4E2B2002D4E08 /* PostDescriptionView.swift */ = {isa = PBXFileReference; lastKnownFileType = sourcecode.swift; path = PostDescriptionView.swift; sourceTree = "<group>"; };
		042EA0C527E4E7E0002D4E08 /* UserInformationView.swift */ = {isa = PBXFileReference; lastKnownFileType = sourcecode.swift; path = UserInformationView.swift; sourceTree = "<group>"; };
		042EA0CB27E50849002D4E08 /* CommentsSectionView.swift */ = {isa = PBXFileReference; lastKnownFileType = sourcecode.swift; path = CommentsSectionView.swift; sourceTree = "<group>"; };
		042EA0D027E508BF002D4E08 /* CommentsHeaderView.swift */ = {isa = PBXFileReference; lastKnownFileType = sourcecode.swift; path = CommentsHeaderView.swift; sourceTree = "<group>"; };
		042EA0D527E50931002D4E08 /* CommentCellView.swift */ = {isa = PBXFileReference; lastKnownFileType = sourcecode.swift; path = CommentCellView.swift; sourceTree = "<group>"; };
		042EA0DB27E50E2F002D4E08 /* PostsList.swift */ = {isa = PBXFileReference; lastKnownFileType = sourcecode.swift; path = PostsList.swift; sourceTree = "<group>"; };
		042EA0E327E50E3C002D4E08 /* PostCell.swift */ = {isa = PBXFileReference; lastKnownFileType = sourcecode.swift; path = PostCell.swift; sourceTree = "<group>"; };
		042EA0ED27E5136B002D4E08 /* LoaderView.swift */ = {isa = PBXFileReference; lastKnownFileType = sourcecode.swift; path = LoaderView.swift; sourceTree = "<group>"; };
		042EA0F527E51398002D4E08 /* LoaderDot.swift */ = {isa = PBXFileReference; lastKnownFileType = sourcecode.swift; path = LoaderDot.swift; sourceTree = "<group>"; };
		042EA0FA27E514F0002D4E08 /* NetworkErrorView.swift */ = {isa = PBXFileReference; lastKnownFileType = sourcecode.swift; path = NetworkErrorView.swift; sourceTree = "<group>"; };
		042EA0FF27E51A54002D4E08 /* PostsSegmentedControl.swift */ = {isa = PBXFileReference; lastKnownFileType = sourcecode.swift; path = PostsSegmentedControl.swift; sourceTree = "<group>"; };
		042EA11127E53315002D4E08 /* MainViewModel.swift */ = {isa = PBXFileReference; lastKnownFileType = sourcecode.swift; path = MainViewModel.swift; sourceTree = "<group>"; };
		042EA11627E53343002D4E08 /* PostViewModel.swift */ = {isa = PBXFileReference; lastKnownFileType = sourcecode.swift; path = PostViewModel.swift; sourceTree = "<group>"; };
/* End PBXFileReference section */

/* Begin PBXFrameworksBuildPhase section */
		042EA04A27E4C03D002D4E08 /* Frameworks */ = {
			isa = PBXFrameworksBuildPhase;
			buildActionMask = 2147483647;
			files = (
			);
			runOnlyForDeploymentPostprocessing = 0;
		};
		042EA06027E4C03F002D4E08 /* Frameworks */ = {
			isa = PBXFrameworksBuildPhase;
			buildActionMask = 2147483647;
			files = (
			);
			runOnlyForDeploymentPostprocessing = 0;
		};
		042EA06B27E4C03F002D4E08 /* Frameworks */ = {
			isa = PBXFrameworksBuildPhase;
			buildActionMask = 2147483647;
			files = (
			);
			runOnlyForDeploymentPostprocessing = 0;
		};
/* End PBXFrameworksBuildPhase section */

/* Begin PBXGroup section */
		042EA04427E4C03D002D4E08 = {
			isa = PBXGroup;
			children = (
				042EA04F27E4C03E002D4E08 /* ZemogaMobileTest */,
				042EA06627E4C03F002D4E08 /* ZemogaMobileTestTests */,
				042EA07127E4C03F002D4E08 /* ZemogaMobileTestUITests */,
				042EA04E27E4C03E002D4E08 /* Products */,
			);
			sourceTree = "<group>";
		};
		042EA04E27E4C03E002D4E08 /* Products */ = {
			isa = PBXGroup;
			children = (
				042EA04D27E4C03E002D4E08 /* ZemogaMobileTest.app */,
				042EA06327E4C03F002D4E08 /* ZemogaMobileTestTests.xctest */,
				042EA06E27E4C03F002D4E08 /* ZemogaMobileTestUITests.xctest */,
			);
			name = Products;
			sourceTree = "<group>";
		};
		042EA04F27E4C03E002D4E08 /* ZemogaMobileTest */ = {
			isa = PBXGroup;
			children = (
				042EA10427E53102002D4E08 /* App */,
				042EA09C27E4C23D002D4E08 /* Utils */,
				042EA08827E4C120002D4E08 /* Model */,
				042EA08727E4C115002D4E08 /* ViewModel */,
				042EA08627E4C10A002D4E08 /* View */,
				042EA05627E4C03E002D4E08 /* Assets.xcassets */,
				042EA05B27E4C03E002D4E08 /* LaunchScreen.storyboard */,
				042EA05E27E4C03F002D4E08 /* Info.plist */,
				042EA05827E4C03E002D4E08 /* Preview Content */,
			);
			path = ZemogaMobileTest;
			sourceTree = "<group>";
		};
		042EA05827E4C03E002D4E08 /* Preview Content */ = {
			isa = PBXGroup;
			children = (
				042EA05927E4C03E002D4E08 /* Preview Assets.xcassets */,
			);
			path = "Preview Content";
			sourceTree = "<group>";
		};
		042EA06627E4C03F002D4E08 /* ZemogaMobileTestTests */ = {
			isa = PBXGroup;
			children = (
				042EA06727E4C03F002D4E08 /* ZemogaMobileTestTests.swift */,
				042EA06927E4C03F002D4E08 /* Info.plist */,
			);
			path = ZemogaMobileTestTests;
			sourceTree = "<group>";
		};
		042EA07127E4C03F002D4E08 /* ZemogaMobileTestUITests */ = {
			isa = PBXGroup;
			children = (
				042EA07227E4C03F002D4E08 /* ZemogaMobileTestUITests.swift */,
				042EA07427E4C03F002D4E08 /* Info.plist */,
			);
			path = ZemogaMobileTestUITests;
			sourceTree = "<group>";
		};
		042EA08627E4C10A002D4E08 /* View */ = {
			isa = PBXGroup;
			children = (
				042EA0DA27E50E22002D4E08 /* Posts */,
				042EA0BC27E4E295002D4E08 /* PostDetail */,
				042EA09227E4C1D3002D4E08 /* Shared */,
				042EA08927E4C12C002D4E08 /* Screens */,
			);
			path = View;
			sourceTree = "<group>";
		};
		042EA08727E4C115002D4E08 /* ViewModel */ = {
			isa = PBXGroup;
			children = (
				042EA11127E53315002D4E08 /* MainViewModel.swift */,
				042EA11627E53343002D4E08 /* PostViewModel.swift */,
			);
			path = ViewModel;
			sourceTree = "<group>";
		};
		042EA08827E4C120002D4E08 /* Model */ = {
			isa = PBXGroup;
			children = (
			);
			path = Model;
			sourceTree = "<group>";
		};
		042EA08927E4C12C002D4E08 /* Screens */ = {
			isa = PBXGroup;
			children = (
				042EA08A27E4C154002D4E08 /* MainView.swift */,
				042EA0B727E4DAE3002D4E08 /* PostDetailView.swift */,
			);
			path = Screens;
			sourceTree = "<group>";
		};
		042EA09227E4C1D3002D4E08 /* Shared */ = {
			isa = PBXGroup;
			children = (
				042EA0EC27E51357002D4E08 /* StateViews */,
				042EA09327E4C1DA002D4E08 /* NavigationBar */,
			);
			path = Shared;
			sourceTree = "<group>";
		};
		042EA09327E4C1DA002D4E08 /* NavigationBar */ = {
			isa = PBXGroup;
			children = (
				042EA09427E4C1F8002D4E08 /* NavigationBarView.swift */,
				042EA0AA27E4D046002D4E08 /* NavigationBarButtonView.swift */,
				042EA0AF27E4D71F002D4E08 /* DeletePostsButtonView.swift */,
			);
			path = NavigationBar;
			sourceTree = "<group>";
		};
		042EA09C27E4C23D002D4E08 /* Utils */ = {
			isa = PBXGroup;
			children = (
				042EA09D27E4C275002D4E08 /* IconConstants.swift */,
				042EA0A527E4C450002D4E08 /* TextConstants.swift */,
			);
			path = Utils;
			sourceTree = "<group>";
		};
		042EA0BC27E4E295002D4E08 /* PostDetail */ = {
			isa = PBXGroup;
			children = (
				042EA0BD27E4E2B2002D4E08 /* PostDescriptionView.swift */,
				042EA0C527E4E7E0002D4E08 /* UserInformationView.swift */,
				042EA0CB27E50849002D4E08 /* CommentsSectionView.swift */,
				042EA0D027E508BF002D4E08 /* CommentsHeaderView.swift */,
				042EA0D527E50931002D4E08 /* CommentCellView.swift */,
			);
			path = PostDetail;
			sourceTree = "<group>";
		};
		042EA0DA27E50E22002D4E08 /* Posts */ = {
			isa = PBXGroup;
			children = (
				042EA0DB27E50E2F002D4E08 /* PostsList.swift */,
				042EA0E327E50E3C002D4E08 /* PostCell.swift */,
				042EA0FF27E51A54002D4E08 /* PostsSegmentedControl.swift */,
			);
			path = Posts;
			sourceTree = "<group>";
		};
		042EA0EC27E51357002D4E08 /* StateViews */ = {
			isa = PBXGroup;
			children = (
				042EA0ED27E5136B002D4E08 /* LoaderView.swift */,
				042EA0F527E51398002D4E08 /* LoaderDot.swift */,
				042EA0FA27E514F0002D4E08 /* NetworkErrorView.swift */,
			);
			path = StateViews;
			sourceTree = "<group>";
		};
		042EA10427E53102002D4E08 /* App */ = {
			isa = PBXGroup;
			children = (
				042EA05027E4C03E002D4E08 /* AppDelegate.swift */,
				042EA05227E4C03E002D4E08 /* SceneDelegate.swift */,
				042EA05427E4C03E002D4E08 /* ContentView.swift */,
			);
			path = App;
			sourceTree = "<group>";
		};
/* End PBXGroup section */

/* Begin PBXNativeTarget section */
		042EA04C27E4C03D002D4E08 /* ZemogaMobileTest */ = {
			isa = PBXNativeTarget;
			buildConfigurationList = 042EA07727E4C03F002D4E08 /* Build configuration list for PBXNativeTarget "ZemogaMobileTest" */;
			buildPhases = (
				042EA04927E4C03D002D4E08 /* Sources */,
				042EA04A27E4C03D002D4E08 /* Frameworks */,
				042EA04B27E4C03D002D4E08 /* Resources */,
			);
			buildRules = (
			);
			dependencies = (
			);
			name = ZemogaMobileTest;
			productName = ZemogaMobileTest;
			productReference = 042EA04D27E4C03E002D4E08 /* ZemogaMobileTest.app */;
			productType = "com.apple.product-type.application";
		};
		042EA06227E4C03F002D4E08 /* ZemogaMobileTestTests */ = {
			isa = PBXNativeTarget;
			buildConfigurationList = 042EA07A27E4C03F002D4E08 /* Build configuration list for PBXNativeTarget "ZemogaMobileTestTests" */;
			buildPhases = (
				042EA05F27E4C03F002D4E08 /* Sources */,
				042EA06027E4C03F002D4E08 /* Frameworks */,
				042EA06127E4C03F002D4E08 /* Resources */,
			);
			buildRules = (
			);
			dependencies = (
				042EA06527E4C03F002D4E08 /* PBXTargetDependency */,
			);
			name = ZemogaMobileTestTests;
			productName = ZemogaMobileTestTests;
			productReference = 042EA06327E4C03F002D4E08 /* ZemogaMobileTestTests.xctest */;
			productType = "com.apple.product-type.bundle.unit-test";
		};
		042EA06D27E4C03F002D4E08 /* ZemogaMobileTestUITests */ = {
			isa = PBXNativeTarget;
			buildConfigurationList = 042EA07D27E4C03F002D4E08 /* Build configuration list for PBXNativeTarget "ZemogaMobileTestUITests" */;
			buildPhases = (
				042EA06A27E4C03F002D4E08 /* Sources */,
				042EA06B27E4C03F002D4E08 /* Frameworks */,
				042EA06C27E4C03F002D4E08 /* Resources */,
			);
			buildRules = (
			);
			dependencies = (
				042EA07027E4C03F002D4E08 /* PBXTargetDependency */,
			);
			name = ZemogaMobileTestUITests;
			productName = ZemogaMobileTestUITests;
			productReference = 042EA06E27E4C03F002D4E08 /* ZemogaMobileTestUITests.xctest */;
			productType = "com.apple.product-type.bundle.ui-testing";
		};
/* End PBXNativeTarget section */

/* Begin PBXProject section */
		042EA04527E4C03D002D4E08 /* Project object */ = {
			isa = PBXProject;
			attributes = {
				LastSwiftUpdateCheck = 1200;
				LastUpgradeCheck = 1200;
				TargetAttributes = {
					042EA04C27E4C03D002D4E08 = {
						CreatedOnToolsVersion = 12.0.1;
					};
					042EA06227E4C03F002D4E08 = {
						CreatedOnToolsVersion = 12.0.1;
						TestTargetID = 042EA04C27E4C03D002D4E08;
					};
					042EA06D27E4C03F002D4E08 = {
						CreatedOnToolsVersion = 12.0.1;
						TestTargetID = 042EA04C27E4C03D002D4E08;
					};
				};
			};
			buildConfigurationList = 042EA04827E4C03D002D4E08 /* Build configuration list for PBXProject "ZemogaMobileTest" */;
			compatibilityVersion = "Xcode 9.3";
			developmentRegion = en;
			hasScannedForEncodings = 0;
			knownRegions = (
				en,
				Base,
			);
			mainGroup = 042EA04427E4C03D002D4E08;
			productRefGroup = 042EA04E27E4C03E002D4E08 /* Products */;
			projectDirPath = "";
			projectRoot = "";
			targets = (
				042EA04C27E4C03D002D4E08 /* ZemogaMobileTest */,
				042EA06227E4C03F002D4E08 /* ZemogaMobileTestTests */,
				042EA06D27E4C03F002D4E08 /* ZemogaMobileTestUITests */,
			);
		};
/* End PBXProject section */

/* Begin PBXResourcesBuildPhase section */
		042EA04B27E4C03D002D4E08 /* Resources */ = {
			isa = PBXResourcesBuildPhase;
			buildActionMask = 2147483647;
			files = (
				042EA05D27E4C03E002D4E08 /* LaunchScreen.storyboard in Resources */,
				042EA05A27E4C03E002D4E08 /* Preview Assets.xcassets in Resources */,
				042EA05727E4C03E002D4E08 /* Assets.xcassets in Resources */,
			);
			runOnlyForDeploymentPostprocessing = 0;
		};
		042EA06127E4C03F002D4E08 /* Resources */ = {
			isa = PBXResourcesBuildPhase;
			buildActionMask = 2147483647;
			files = (
			);
			runOnlyForDeploymentPostprocessing = 0;
		};
		042EA06C27E4C03F002D4E08 /* Resources */ = {
			isa = PBXResourcesBuildPhase;
			buildActionMask = 2147483647;
			files = (
			);
			runOnlyForDeploymentPostprocessing = 0;
		};
/* End PBXResourcesBuildPhase section */

/* Begin PBXSourcesBuildPhase section */
		042EA04927E4C03D002D4E08 /* Sources */ = {
			isa = PBXSourcesBuildPhase;
			buildActionMask = 2147483647;
			files = (
				042EA0E427E50E3C002D4E08 /* PostCell.swift in Sources */,
				042EA05127E4C03E002D4E08 /* AppDelegate.swift in Sources */,
				042EA0D127E508BF002D4E08 /* CommentsHeaderView.swift in Sources */,
				042EA0B827E4DAE3002D4E08 /* PostDetailView.swift in Sources */,
				042EA0DC27E50E2F002D4E08 /* PostsList.swift in Sources */,
				042EA05327E4C03E002D4E08 /* SceneDelegate.swift in Sources */,
				042EA0A627E4C450002D4E08 /* TextConstants.swift in Sources */,
				042EA0CC27E50849002D4E08 /* CommentsSectionView.swift in Sources */,
				042EA0C627E4E7E0002D4E08 /* UserInformationView.swift in Sources */,
				042EA09E27E4C275002D4E08 /* IconConstants.swift in Sources */,
				042EA0B027E4D71F002D4E08 /* DeletePostsButtonView.swift in Sources */,
				042EA0AB27E4D046002D4E08 /* NavigationBarButtonView.swift in Sources */,
				042EA10027E51A54002D4E08 /* PostsSegmentedControl.swift in Sources */,
				042EA05527E4C03E002D4E08 /* ContentView.swift in Sources */,
				042EA0D627E50931002D4E08 /* CommentCellView.swift in Sources */,
				042EA08B27E4C154002D4E08 /* MainView.swift in Sources */,
				042EA0BE27E4E2B2002D4E08 /* PostDescriptionView.swift in Sources */,
				042EA0FB27E514F0002D4E08 /* NetworkErrorView.swift in Sources */,
				042EA0F627E51398002D4E08 /* LoaderDot.swift in Sources */,
				042EA11727E53343002D4E08 /* PostViewModel.swift in Sources */,
				042EA09527E4C1F8002D4E08 /* NavigationBarView.swift in Sources */,
				042EA0EE27E5136B002D4E08 /* LoaderView.swift in Sources */,
				042EA11227E53315002D4E08 /* MainViewModel.swift in Sources */,
			);
			runOnlyForDeploymentPostprocessing = 0;
		};
		042EA05F27E4C03F002D4E08 /* Sources */ = {
			isa = PBXSourcesBuildPhase;
			buildActionMask = 2147483647;
			files = (
				042EA06827E4C03F002D4E08 /* ZemogaMobileTestTests.swift in Sources */,
			);
			runOnlyForDeploymentPostprocessing = 0;
		};
		042EA06A27E4C03F002D4E08 /* Sources */ = {
			isa = PBXSourcesBuildPhase;
			buildActionMask = 2147483647;
			files = (
				042EA07327E4C03F002D4E08 /* ZemogaMobileTestUITests.swift in Sources */,
			);
			runOnlyForDeploymentPostprocessing = 0;
		};
/* End PBXSourcesBuildPhase section */

/* Begin PBXTargetDependency section */
		042EA06527E4C03F002D4E08 /* PBXTargetDependency */ = {
			isa = PBXTargetDependency;
			target = 042EA04C27E4C03D002D4E08 /* ZemogaMobileTest */;
			targetProxy = 042EA06427E4C03F002D4E08 /* PBXContainerItemProxy */;
		};
		042EA07027E4C03F002D4E08 /* PBXTargetDependency */ = {
			isa = PBXTargetDependency;
			target = 042EA04C27E4C03D002D4E08 /* ZemogaMobileTest */;
			targetProxy = 042EA06F27E4C03F002D4E08 /* PBXContainerItemProxy */;
		};
/* End PBXTargetDependency section */

/* Begin PBXVariantGroup section */
		042EA05B27E4C03E002D4E08 /* LaunchScreen.storyboard */ = {
			isa = PBXVariantGroup;
			children = (
				042EA05C27E4C03E002D4E08 /* Base */,
			);
			name = LaunchScreen.storyboard;
			sourceTree = "<group>";
		};
/* End PBXVariantGroup section */

/* Begin XCBuildConfiguration section */
		042EA07527E4C03F002D4E08 /* Debug */ = {
			isa = XCBuildConfiguration;
			buildSettings = {
				ALWAYS_SEARCH_USER_PATHS = NO;
				CLANG_ANALYZER_NONNULL = YES;
				CLANG_ANALYZER_NUMBER_OBJECT_CONVERSION = YES_AGGRESSIVE;
				CLANG_CXX_LANGUAGE_STANDARD = "gnu++14";
				CLANG_CXX_LIBRARY = "libc++";
				CLANG_ENABLE_MODULES = YES;
				CLANG_ENABLE_OBJC_ARC = YES;
				CLANG_ENABLE_OBJC_WEAK = YES;
				CLANG_WARN_BLOCK_CAPTURE_AUTORELEASING = YES;
				CLANG_WARN_BOOL_CONVERSION = YES;
				CLANG_WARN_COMMA = YES;
				CLANG_WARN_CONSTANT_CONVERSION = YES;
				CLANG_WARN_DEPRECATED_OBJC_IMPLEMENTATIONS = YES;
				CLANG_WARN_DIRECT_OBJC_ISA_USAGE = YES_ERROR;
				CLANG_WARN_DOCUMENTATION_COMMENTS = YES;
				CLANG_WARN_EMPTY_BODY = YES;
				CLANG_WARN_ENUM_CONVERSION = YES;
				CLANG_WARN_INFINITE_RECURSION = YES;
				CLANG_WARN_INT_CONVERSION = YES;
				CLANG_WARN_NON_LITERAL_NULL_CONVERSION = YES;
				CLANG_WARN_OBJC_IMPLICIT_RETAIN_SELF = YES;
				CLANG_WARN_OBJC_LITERAL_CONVERSION = YES;
				CLANG_WARN_OBJC_ROOT_CLASS = YES_ERROR;
				CLANG_WARN_QUOTED_INCLUDE_IN_FRAMEWORK_HEADER = YES;
				CLANG_WARN_RANGE_LOOP_ANALYSIS = YES;
				CLANG_WARN_STRICT_PROTOTYPES = YES;
				CLANG_WARN_SUSPICIOUS_MOVE = YES;
				CLANG_WARN_UNGUARDED_AVAILABILITY = YES_AGGRESSIVE;
				CLANG_WARN_UNREACHABLE_CODE = YES;
				CLANG_WARN__DUPLICATE_METHOD_MATCH = YES;
				COPY_PHASE_STRIP = NO;
				DEBUG_INFORMATION_FORMAT = dwarf;
				ENABLE_STRICT_OBJC_MSGSEND = YES;
				ENABLE_TESTABILITY = YES;
				GCC_C_LANGUAGE_STANDARD = gnu11;
				GCC_DYNAMIC_NO_PIC = NO;
				GCC_NO_COMMON_BLOCKS = YES;
				GCC_OPTIMIZATION_LEVEL = 0;
				GCC_PREPROCESSOR_DEFINITIONS = (
					"DEBUG=1",
					"$(inherited)",
				);
				GCC_WARN_64_TO_32_BIT_CONVERSION = YES;
				GCC_WARN_ABOUT_RETURN_TYPE = YES_ERROR;
				GCC_WARN_UNDECLARED_SELECTOR = YES;
				GCC_WARN_UNINITIALIZED_AUTOS = YES_AGGRESSIVE;
				GCC_WARN_UNUSED_FUNCTION = YES;
				GCC_WARN_UNUSED_VARIABLE = YES;
				IPHONEOS_DEPLOYMENT_TARGET = 14.0;
				MTL_ENABLE_DEBUG_INFO = INCLUDE_SOURCE;
				MTL_FAST_MATH = YES;
				ONLY_ACTIVE_ARCH = YES;
				SDKROOT = iphoneos;
				SWIFT_ACTIVE_COMPILATION_CONDITIONS = DEBUG;
				SWIFT_OPTIMIZATION_LEVEL = "-Onone";
			};
			name = Debug;
		};
		042EA07627E4C03F002D4E08 /* Release */ = {
			isa = XCBuildConfiguration;
			buildSettings = {
				ALWAYS_SEARCH_USER_PATHS = NO;
				CLANG_ANALYZER_NONNULL = YES;
				CLANG_ANALYZER_NUMBER_OBJECT_CONVERSION = YES_AGGRESSIVE;
				CLANG_CXX_LANGUAGE_STANDARD = "gnu++14";
				CLANG_CXX_LIBRARY = "libc++";
				CLANG_ENABLE_MODULES = YES;
				CLANG_ENABLE_OBJC_ARC = YES;
				CLANG_ENABLE_OBJC_WEAK = YES;
				CLANG_WARN_BLOCK_CAPTURE_AUTORELEASING = YES;
				CLANG_WARN_BOOL_CONVERSION = YES;
				CLANG_WARN_COMMA = YES;
				CLANG_WARN_CONSTANT_CONVERSION = YES;
				CLANG_WARN_DEPRECATED_OBJC_IMPLEMENTATIONS = YES;
				CLANG_WARN_DIRECT_OBJC_ISA_USAGE = YES_ERROR;
				CLANG_WARN_DOCUMENTATION_COMMENTS = YES;
				CLANG_WARN_EMPTY_BODY = YES;
				CLANG_WARN_ENUM_CONVERSION = YES;
				CLANG_WARN_INFINITE_RECURSION = YES;
				CLANG_WARN_INT_CONVERSION = YES;
				CLANG_WARN_NON_LITERAL_NULL_CONVERSION = YES;
				CLANG_WARN_OBJC_IMPLICIT_RETAIN_SELF = YES;
				CLANG_WARN_OBJC_LITERAL_CONVERSION = YES;
				CLANG_WARN_OBJC_ROOT_CLASS = YES_ERROR;
				CLANG_WARN_QUOTED_INCLUDE_IN_FRAMEWORK_HEADER = YES;
				CLANG_WARN_RANGE_LOOP_ANALYSIS = YES;
				CLANG_WARN_STRICT_PROTOTYPES = YES;
				CLANG_WARN_SUSPICIOUS_MOVE = YES;
				CLANG_WARN_UNGUARDED_AVAILABILITY = YES_AGGRESSIVE;
				CLANG_WARN_UNREACHABLE_CODE = YES;
				CLANG_WARN__DUPLICATE_METHOD_MATCH = YES;
				COPY_PHASE_STRIP = NO;
				DEBUG_INFORMATION_FORMAT = "dwarf-with-dsym";
				ENABLE_NS_ASSERTIONS = NO;
				ENABLE_STRICT_OBJC_MSGSEND = YES;
				GCC_C_LANGUAGE_STANDARD = gnu11;
				GCC_NO_COMMON_BLOCKS = YES;
				GCC_WARN_64_TO_32_BIT_CONVERSION = YES;
				GCC_WARN_ABOUT_RETURN_TYPE = YES_ERROR;
				GCC_WARN_UNDECLARED_SELECTOR = YES;
				GCC_WARN_UNINITIALIZED_AUTOS = YES_AGGRESSIVE;
				GCC_WARN_UNUSED_FUNCTION = YES;
				GCC_WARN_UNUSED_VARIABLE = YES;
				IPHONEOS_DEPLOYMENT_TARGET = 14.0;
				MTL_ENABLE_DEBUG_INFO = NO;
				MTL_FAST_MATH = YES;
				SDKROOT = iphoneos;
				SWIFT_COMPILATION_MODE = wholemodule;
				SWIFT_OPTIMIZATION_LEVEL = "-O";
				VALIDATE_PRODUCT = YES;
			};
			name = Release;
		};
		042EA07827E4C03F002D4E08 /* Debug */ = {
			isa = XCBuildConfiguration;
			buildSettings = {
				ASSETCATALOG_COMPILER_APPICON_NAME = AppIcon;
				ASSETCATALOG_COMPILER_GLOBAL_ACCENT_COLOR_NAME = AccentColor;
				CODE_SIGN_STYLE = Automatic;
				DEVELOPMENT_ASSET_PATHS = "\"ZemogaMobileTest/Preview Content\"";
				DEVELOPMENT_TEAM = BJYRRMLA6N;
				ENABLE_PREVIEWS = YES;
				INFOPLIST_FILE = ZemogaMobileTest/Info.plist;
				LD_RUNPATH_SEARCH_PATHS = (
					"$(inherited)",
					"@executable_path/Frameworks",
				);
				PRODUCT_BUNDLE_IDENTIFIER = com.carloshernandez.ZemogaMobileTest;
				PRODUCT_NAME = "$(TARGET_NAME)";
				SWIFT_VERSION = 5.0;
				TARGETED_DEVICE_FAMILY = 1;
			};
			name = Debug;
		};
		042EA07927E4C03F002D4E08 /* Release */ = {
			isa = XCBuildConfiguration;
			buildSettings = {
				ASSETCATALOG_COMPILER_APPICON_NAME = AppIcon;
				ASSETCATALOG_COMPILER_GLOBAL_ACCENT_COLOR_NAME = AccentColor;
				CODE_SIGN_STYLE = Automatic;
				DEVELOPMENT_ASSET_PATHS = "\"ZemogaMobileTest/Preview Content\"";
				DEVELOPMENT_TEAM = BJYRRMLA6N;
				ENABLE_PREVIEWS = YES;
				INFOPLIST_FILE = ZemogaMobileTest/Info.plist;
				LD_RUNPATH_SEARCH_PATHS = (
					"$(inherited)",
					"@executable_path/Frameworks",
				);
				PRODUCT_BUNDLE_IDENTIFIER = com.carloshernandez.ZemogaMobileTest;
				PRODUCT_NAME = "$(TARGET_NAME)";
				SWIFT_VERSION = 5.0;
				TARGETED_DEVICE_FAMILY = 1;
			};
			name = Release;
		};
		042EA07B27E4C03F002D4E08 /* Debug */ = {
			isa = XCBuildConfiguration;
			buildSettings = {
				ALWAYS_EMBED_SWIFT_STANDARD_LIBRARIES = YES;
				BUNDLE_LOADER = "$(TEST_HOST)";
				CODE_SIGN_STYLE = Automatic;
				DEVELOPMENT_TEAM = BJYRRMLA6N;
				INFOPLIST_FILE = ZemogaMobileTestTests/Info.plist;
				IPHONEOS_DEPLOYMENT_TARGET = 14.0;
				LD_RUNPATH_SEARCH_PATHS = (
					"$(inherited)",
					"@executable_path/Frameworks",
					"@loader_path/Frameworks",
				);
				PRODUCT_BUNDLE_IDENTIFIER = com.carloshernandez.ZemogaMobileTestTests;
				PRODUCT_NAME = "$(TARGET_NAME)";
				SWIFT_VERSION = 5.0;
				TARGETED_DEVICE_FAMILY = "1,2";
				TEST_HOST = "$(BUILT_PRODUCTS_DIR)/ZemogaMobileTest.app/ZemogaMobileTest";
			};
			name = Debug;
		};
		042EA07C27E4C03F002D4E08 /* Release */ = {
			isa = XCBuildConfiguration;
			buildSettings = {
				ALWAYS_EMBED_SWIFT_STANDARD_LIBRARIES = YES;
				BUNDLE_LOADER = "$(TEST_HOST)";
				CODE_SIGN_STYLE = Automatic;
				DEVELOPMENT_TEAM = BJYRRMLA6N;
				INFOPLIST_FILE = ZemogaMobileTestTests/Info.plist;
				IPHONEOS_DEPLOYMENT_TARGET = 14.0;
				LD_RUNPATH_SEARCH_PATHS = (
					"$(inherited)",
					"@executable_path/Frameworks",
					"@loader_path/Frameworks",
				);
				PRODUCT_BUNDLE_IDENTIFIER = com.carloshernandez.ZemogaMobileTestTests;
				PRODUCT_NAME = "$(TARGET_NAME)";
				SWIFT_VERSION = 5.0;
				TARGETED_DEVICE_FAMILY = "1,2";
				TEST_HOST = "$(BUILT_PRODUCTS_DIR)/ZemogaMobileTest.app/ZemogaMobileTest";
			};
			name = Release;
		};
		042EA07E27E4C03F002D4E08 /* Debug */ = {
			isa = XCBuildConfiguration;
			buildSettings = {
				ALWAYS_EMBED_SWIFT_STANDARD_LIBRARIES = YES;
				CODE_SIGN_STYLE = Automatic;
				DEVELOPMENT_TEAM = BJYRRMLA6N;
				INFOPLIST_FILE = ZemogaMobileTestUITests/Info.plist;
				LD_RUNPATH_SEARCH_PATHS = (
					"$(inherited)",
					"@executable_path/Frameworks",
					"@loader_path/Frameworks",
				);
				PRODUCT_BUNDLE_IDENTIFIER = com.carloshernandez.ZemogaMobileTestUITests;
				PRODUCT_NAME = "$(TARGET_NAME)";
				SWIFT_VERSION = 5.0;
				TARGETED_DEVICE_FAMILY = "1,2";
				TEST_TARGET_NAME = ZemogaMobileTest;
			};
			name = Debug;
		};
		042EA07F27E4C03F002D4E08 /* Release */ = {
			isa = XCBuildConfiguration;
			buildSettings = {
				ALWAYS_EMBED_SWIFT_STANDARD_LIBRARIES = YES;
				CODE_SIGN_STYLE = Automatic;
				DEVELOPMENT_TEAM = BJYRRMLA6N;
				INFOPLIST_FILE = ZemogaMobileTestUITests/Info.plist;
				LD_RUNPATH_SEARCH_PATHS = (
					"$(inherited)",
					"@executable_path/Frameworks",
					"@loader_path/Frameworks",
				);
				PRODUCT_BUNDLE_IDENTIFIER = com.carloshernandez.ZemogaMobileTestUITests;
				PRODUCT_NAME = "$(TARGET_NAME)";
				SWIFT_VERSION = 5.0;
				TARGETED_DEVICE_FAMILY = "1,2";
				TEST_TARGET_NAME = ZemogaMobileTest;
			};
			name = Release;
		};
/* End XCBuildConfiguration section */

/* Begin XCConfigurationList section */
		042EA04827E4C03D002D4E08 /* Build configuration list for PBXProject "ZemogaMobileTest" */ = {
			isa = XCConfigurationList;
			buildConfigurations = (
				042EA07527E4C03F002D4E08 /* Debug */,
				042EA07627E4C03F002D4E08 /* Release */,
			);
			defaultConfigurationIsVisible = 0;
			defaultConfigurationName = Release;
		};
		042EA07727E4C03F002D4E08 /* Build configuration list for PBXNativeTarget "ZemogaMobileTest" */ = {
			isa = XCConfigurationList;
			buildConfigurations = (
				042EA07827E4C03F002D4E08 /* Debug */,
				042EA07927E4C03F002D4E08 /* Release */,
			);
			defaultConfigurationIsVisible = 0;
			defaultConfigurationName = Release;
		};
		042EA07A27E4C03F002D4E08 /* Build configuration list for PBXNativeTarget "ZemogaMobileTestTests" */ = {
			isa = XCConfigurationList;
			buildConfigurations = (
				042EA07B27E4C03F002D4E08 /* Debug */,
				042EA07C27E4C03F002D4E08 /* Release */,
			);
			defaultConfigurationIsVisible = 0;
			defaultConfigurationName = Release;
		};
		042EA07D27E4C03F002D4E08 /* Build configuration list for PBXNativeTarget "ZemogaMobileTestUITests" */ = {
			isa = XCConfigurationList;
			buildConfigurations = (
				042EA07E27E4C03F002D4E08 /* Debug */,
				042EA07F27E4C03F002D4E08 /* Release */,
			);
			defaultConfigurationIsVisible = 0;
			defaultConfigurationName = Release;
		};
/* End XCConfigurationList section */
	};
	rootObject = 042EA04527E4C03D002D4E08 /* Project object */;
}
